// !$*UTF8*$!
{
	archiveVersion = 1;
	classes = {
	};
	objectVersion = 77;
	objects = {

/* Begin PBXBuildFile section */
		CABB10BD2CEC60BA00BB1362 /* GooglePlaces in Frameworks */ = {isa = PBXBuildFile; productRef = CABB10BC2CEC60BA00BB1362 /* GooglePlaces */; };
		CABB10BF2CEC60BA00BB1362 /* GooglePlacesSwift in Frameworks */ = {isa = PBXBuildFile; productRef = CABB10BE2CEC60BA00BB1362 /* GooglePlacesSwift */; };
		CAC560172CC08E720046BDC7 /* FirebaseAuth in Frameworks */ = {isa = PBXBuildFile; productRef = CAC560162CC08E720046BDC7 /* FirebaseAuth */; };
		CAC5601B2CC08E720046BDC7 /* FirebaseCore in Frameworks */ = {isa = PBXBuildFile; productRef = CAC5601A2CC08E720046BDC7 /* FirebaseCore */; };
		CAC5601F2CC08E720046BDC7 /* FirebaseFirestore in Frameworks */ = {isa = PBXBuildFile; productRef = CAC5601E2CC08E720046BDC7 /* FirebaseFirestore */; };
		CAC560252CC08E720046BDC7 /* FirebaseInstallations in Frameworks */ = {isa = PBXBuildFile; productRef = CAC560242CC08E720046BDC7 /* FirebaseInstallations */; };
/* End PBXBuildFile section */

/* Begin PBXContainerItemProxy section */
		CA79B9B12CAB90E000D0EDDF /* PBXContainerItemProxy */ = {
			isa = PBXContainerItemProxy;
			containerPortal = CA79B9982CAB90DD00D0EDDF /* Project object */;
			proxyType = 1;
			remoteGlobalIDString = CA79B99F2CAB90DD00D0EDDF;
			remoteInfo = MyCampusGym;
		};
		CA79B9BB2CAB90E000D0EDDF /* PBXContainerItemProxy */ = {
			isa = PBXContainerItemProxy;
			containerPortal = CA79B9982CAB90DD00D0EDDF /* Project object */;
			proxyType = 1;
			remoteGlobalIDString = CA79B99F2CAB90DD00D0EDDF;
			remoteInfo = MyCampusGym;
		};
/* End PBXContainerItemProxy section */

/* Begin PBXFileReference section */
		CA79B9A02CAB90DD00D0EDDF /* MyCampusGym.app */ = {isa = PBXFileReference; explicitFileType = wrapper.application; includeInIndex = 0; path = MyCampusGym.app; sourceTree = BUILT_PRODUCTS_DIR; };
		CA79B9B02CAB90E000D0EDDF /* MyCampusGymTests.xctest */ = {isa = PBXFileReference; explicitFileType = wrapper.cfbundle; includeInIndex = 0; path = MyCampusGymTests.xctest; sourceTree = BUILT_PRODUCTS_DIR; };
		CA79B9BA2CAB90E000D0EDDF /* MyCampusGymUITests.xctest */ = {isa = PBXFileReference; explicitFileType = wrapper.cfbundle; includeInIndex = 0; path = MyCampusGymUITests.xctest; sourceTree = BUILT_PRODUCTS_DIR; };
/* End PBXFileReference section */

/* Begin PBXFileSystemSynchronizedBuildFileExceptionSet section */
		CAC560112CC08D350046BDC7 /* Exceptions for "MyCampusGym" folder in "MyCampusGymTests" target */ = {
			isa = PBXFileSystemSynchronizedBuildFileExceptionSet;
			membershipExceptions = (
				"GoogleService-Info.plist",
			);
			target = CA79B9AF2CAB90E000D0EDDF /* MyCampusGymTests */;
		};
		CAC560122CC08D350046BDC7 /* Exceptions for "MyCampusGym" folder in "MyCampusGymUITests" target */ = {
			isa = PBXFileSystemSynchronizedBuildFileExceptionSet;
			membershipExceptions = (
				"GoogleService-Info.plist",
			);
			target = CA79B9B92CAB90E000D0EDDF /* MyCampusGymUITests */;
		};
/* End PBXFileSystemSynchronizedBuildFileExceptionSet section */

/* Begin PBXFileSystemSynchronizedRootGroup section */
		CA79B9A22CAB90DD00D0EDDF /* MyCampusGym */ = {
			isa = PBXFileSystemSynchronizedRootGroup;
			exceptions = (
				CAC560112CC08D350046BDC7 /* Exceptions for "MyCampusGym" folder in "MyCampusGymTests" target */,
				CAC560122CC08D350046BDC7 /* Exceptions for "MyCampusGym" folder in "MyCampusGymUITests" target */,
			);
			path = MyCampusGym;
			sourceTree = "<group>";
		};
		CA79B9B32CAB90E000D0EDDF /* MyCampusGymTests */ = {
			isa = PBXFileSystemSynchronizedRootGroup;
			path = MyCampusGymTests;
			sourceTree = "<group>";
		};
		CA79B9BD2CAB90E000D0EDDF /* MyCampusGymUITests */ = {
			isa = PBXFileSystemSynchronizedRootGroup;
			path = MyCampusGymUITests;
			sourceTree = "<group>";
		};
/* End PBXFileSystemSynchronizedRootGroup section */

/* Begin PBXFrameworksBuildPhase section */
		CA79B99D2CAB90DD00D0EDDF /* Frameworks */ = {
			isa = PBXFrameworksBuildPhase;
			buildActionMask = 2147483647;
			files = (
				CAC560252CC08E720046BDC7 /* FirebaseInstallations in Frameworks */,
				CAC5601B2CC08E720046BDC7 /* FirebaseCore in Frameworks */,
				CAC560172CC08E720046BDC7 /* FirebaseAuth in Frameworks */,
				CABB10BD2CEC60BA00BB1362 /* GooglePlaces in Frameworks */,
				CAC5601F2CC08E720046BDC7 /* FirebaseFirestore in Frameworks */,
				CABB10BF2CEC60BA00BB1362 /* GooglePlacesSwift in Frameworks */,
			);
			runOnlyForDeploymentPostprocessing = 0;
		};
		CA79B9AD2CAB90E000D0EDDF /* Frameworks */ = {
			isa = PBXFrameworksBuildPhase;
			buildActionMask = 2147483647;
			files = (
			);
			runOnlyForDeploymentPostprocessing = 0;
		};
		CA79B9B72CAB90E000D0EDDF /* Frameworks */ = {
			isa = PBXFrameworksBuildPhase;
			buildActionMask = 2147483647;
			files = (
			);
			runOnlyForDeploymentPostprocessing = 0;
		};
/* End PBXFrameworksBuildPhase section */

/* Begin PBXGroup section */
		CA79B9972CAB90DD00D0EDDF = {
			isa = PBXGroup;
			children = (
				CA79B9A22CAB90DD00D0EDDF /* MyCampusGym */,
				CA79B9B32CAB90E000D0EDDF /* MyCampusGymTests */,
				CA79B9BD2CAB90E000D0EDDF /* MyCampusGymUITests */,
				CA79B9A12CAB90DD00D0EDDF /* Products */,
			);
			sourceTree = "<group>";
		};
		CA79B9A12CAB90DD00D0EDDF /* Products */ = {
			isa = PBXGroup;
			children = (
				CA79B9A02CAB90DD00D0EDDF /* MyCampusGym.app */,
				CA79B9B02CAB90E000D0EDDF /* MyCampusGymTests.xctest */,
				CA79B9BA2CAB90E000D0EDDF /* MyCampusGymUITests.xctest */,
			);
			name = Products;
			sourceTree = "<group>";
		};
/* End PBXGroup section */

/* Begin PBXNativeTarget section */
		CA79B99F2CAB90DD00D0EDDF /* MyCampusGym */ = {
			isa = PBXNativeTarget;
			buildConfigurationList = CA79B9C42CAB90E000D0EDDF /* Build configuration list for PBXNativeTarget "MyCampusGym" */;
			buildPhases = (
				CA79B99C2CAB90DD00D0EDDF /* Sources */,
				CA79B99D2CAB90DD00D0EDDF /* Frameworks */,
				CA79B99E2CAB90DD00D0EDDF /* Resources */,
			);
			buildRules = (
			);
			dependencies = (
			);
			fileSystemSynchronizedGroups = (
				CA79B9A22CAB90DD00D0EDDF /* MyCampusGym */,
			);
			name = MyCampusGym;
			packageProductDependencies = (
				CAC560162CC08E720046BDC7 /* FirebaseAuth */,
				CAC5601A2CC08E720046BDC7 /* FirebaseCore */,
				CAC5601E2CC08E720046BDC7 /* FirebaseFirestore */,
				CAC560242CC08E720046BDC7 /* FirebaseInstallations */,
				CABB10BC2CEC60BA00BB1362 /* GooglePlaces */,
				CABB10BE2CEC60BA00BB1362 /* GooglePlacesSwift */,
			);
			productName = MyCampusGym;
			productReference = CA79B9A02CAB90DD00D0EDDF /* MyCampusGym.app */;
			productType = "com.apple.product-type.application";
		};
		CA79B9AF2CAB90E000D0EDDF /* MyCampusGymTests */ = {
			isa = PBXNativeTarget;
			buildConfigurationList = CA79B9C72CAB90E000D0EDDF /* Build configuration list for PBXNativeTarget "MyCampusGymTests" */;
			buildPhases = (
				CA79B9AC2CAB90E000D0EDDF /* Sources */,
				CA79B9AD2CAB90E000D0EDDF /* Frameworks */,
				CA79B9AE2CAB90E000D0EDDF /* Resources */,
			);
			buildRules = (
			);
			dependencies = (
				CA79B9B22CAB90E000D0EDDF /* PBXTargetDependency */,
			);
			fileSystemSynchronizedGroups = (
				CA79B9B32CAB90E000D0EDDF /* MyCampusGymTests */,
			);
			name = MyCampusGymTests;
			packageProductDependencies = (
			);
			productName = MyCampusGymTests;
			productReference = CA79B9B02CAB90E000D0EDDF /* MyCampusGymTests.xctest */;
			productType = "com.apple.product-type.bundle.unit-test";
		};
		CA79B9B92CAB90E000D0EDDF /* MyCampusGymUITests */ = {
			isa = PBXNativeTarget;
			buildConfigurationList = CA79B9CA2CAB90E000D0EDDF /* Build configuration list for PBXNativeTarget "MyCampusGymUITests" */;
			buildPhases = (
				CA79B9B62CAB90E000D0EDDF /* Sources */,
				CA79B9B72CAB90E000D0EDDF /* Frameworks */,
				CA79B9B82CAB90E000D0EDDF /* Resources */,
			);
			buildRules = (
			);
			dependencies = (
				CA79B9BC2CAB90E000D0EDDF /* PBXTargetDependency */,
			);
			fileSystemSynchronizedGroups = (
				CA79B9BD2CAB90E000D0EDDF /* MyCampusGymUITests */,
			);
			name = MyCampusGymUITests;
			packageProductDependencies = (
			);
			productName = MyCampusGymUITests;
			productReference = CA79B9BA2CAB90E000D0EDDF /* MyCampusGymUITests.xctest */;
			productType = "com.apple.product-type.bundle.ui-testing";
		};
/* End PBXNativeTarget section */

/* Begin PBXProject section */
		CA79B9982CAB90DD00D0EDDF /* Project object */ = {
			isa = PBXProject;
			attributes = {
				BuildIndependentTargetsInParallel = 1;
				LastSwiftUpdateCheck = 1600;
				LastUpgradeCheck = 1600;
				TargetAttributes = {
					CA79B99F2CAB90DD00D0EDDF = {
						CreatedOnToolsVersion = 16.0;
					};
					CA79B9AF2CAB90E000D0EDDF = {
						CreatedOnToolsVersion = 16.0;
						TestTargetID = CA79B99F2CAB90DD00D0EDDF;
					};
					CA79B9B92CAB90E000D0EDDF = {
						CreatedOnToolsVersion = 16.0;
						TestTargetID = CA79B99F2CAB90DD00D0EDDF;
					};
				};
			};
			buildConfigurationList = CA79B99B2CAB90DD00D0EDDF /* Build configuration list for PBXProject "MyCampusGym" */;
			developmentRegion = en;
			hasScannedForEncodings = 0;
			knownRegions = (
				en,
				Base,
			);
			mainGroup = CA79B9972CAB90DD00D0EDDF;
			minimizedProjectReferenceProxies = 1;
			packageReferences = (
				CAC560132CC08E720046BDC7 /* XCRemoteSwiftPackageReference "firebase-ios-sdk" */,
				CABB10BB2CEC60BA00BB1362 /* XCRemoteSwiftPackageReference "ios-places-sdk" */,
			);
			preferredProjectObjectVersion = 77;
			productRefGroup = CA79B9A12CAB90DD00D0EDDF /* Products */;
			projectDirPath = "";
			projectRoot = "";
			targets = (
				CA79B99F2CAB90DD00D0EDDF /* MyCampusGym */,
				CA79B9AF2CAB90E000D0EDDF /* MyCampusGymTests */,
				CA79B9B92CAB90E000D0EDDF /* MyCampusGymUITests */,
			);
		};
/* End PBXProject section */

/* Begin PBXResourcesBuildPhase section */
		CA79B99E2CAB90DD00D0EDDF /* Resources */ = {
			isa = PBXResourcesBuildPhase;
			buildActionMask = 2147483647;
			files = (
			);
			runOnlyForDeploymentPostprocessing = 0;
		};
		CA79B9AE2CAB90E000D0EDDF /* Resources */ = {
			isa = PBXResourcesBuildPhase;
			buildActionMask = 2147483647;
			files = (
			);
			runOnlyForDeploymentPostprocessing = 0;
		};
		CA79B9B82CAB90E000D0EDDF /* Resources */ = {
			isa = PBXResourcesBuildPhase;
			buildActionMask = 2147483647;
			files = (
			);
			runOnlyForDeploymentPostprocessing = 0;
		};
/* End PBXResourcesBuildPhase section */

/* Begin PBXSourcesBuildPhase section */
		CA79B99C2CAB90DD00D0EDDF /* Sources */ = {
			isa = PBXSourcesBuildPhase;
			buildActionMask = 2147483647;
			files = (
			);
			runOnlyForDeploymentPostprocessing = 0;
		};
		CA79B9AC2CAB90E000D0EDDF /* Sources */ = {
			isa = PBXSourcesBuildPhase;
			buildActionMask = 2147483647;
			files = (
			);
			runOnlyForDeploymentPostprocessing = 0;
		};
		CA79B9B62CAB90E000D0EDDF /* Sources */ = {
			isa = PBXSourcesBuildPhase;
			buildActionMask = 2147483647;
			files = (
			);
			runOnlyForDeploymentPostprocessing = 0;
		};
/* End PBXSourcesBuildPhase section */

/* Begin PBXTargetDependency section */
		CA79B9B22CAB90E000D0EDDF /* PBXTargetDependency */ = {
			isa = PBXTargetDependency;
			target = CA79B99F2CAB90DD00D0EDDF /* MyCampusGym */;
			targetProxy = CA79B9B12CAB90E000D0EDDF /* PBXContainerItemProxy */;
		};
		CA79B9BC2CAB90E000D0EDDF /* PBXTargetDependency */ = {
			isa = PBXTargetDependency;
			target = CA79B99F2CAB90DD00D0EDDF /* MyCampusGym */;
			targetProxy = CA79B9BB2CAB90E000D0EDDF /* PBXContainerItemProxy */;
		};
/* End PBXTargetDependency section */

/* Begin XCBuildConfiguration section */
		CA79B9C22CAB90E000D0EDDF /* Debug */ = {
			isa = XCBuildConfiguration;
			buildSettings = {
				ALWAYS_SEARCH_USER_PATHS = NO;
				ASSETCATALOG_COMPILER_GENERATE_SWIFT_ASSET_SYMBOL_EXTENSIONS = YES;
				CLANG_ANALYZER_NONNULL = YES;
				CLANG_ANALYZER_NUMBER_OBJECT_CONVERSION = YES_AGGRESSIVE;
				CLANG_CXX_LANGUAGE_STANDARD = "gnu++20";
				CLANG_ENABLE_MODULES = YES;
				CLANG_ENABLE_OBJC_ARC = YES;
				CLANG_ENABLE_OBJC_WEAK = YES;
				CLANG_WARN_BLOCK_CAPTURE_AUTORELEASING = YES;
				CLANG_WARN_BOOL_CONVERSION = YES;
				CLANG_WARN_COMMA = YES;
				CLANG_WARN_CONSTANT_CONVERSION = YES;
				CLANG_WARN_DEPRECATED_OBJC_IMPLEMENTATIONS = YES;
				CLANG_WARN_DIRECT_OBJC_ISA_USAGE = YES_ERROR;
				CLANG_WARN_DOCUMENTATION_COMMENTS = YES;
				CLANG_WARN_EMPTY_BODY = YES;
				CLANG_WARN_ENUM_CONVERSION = YES;
				CLANG_WARN_INFINITE_RECURSION = YES;
				CLANG_WARN_INT_CONVERSION = YES;
				CLANG_WARN_NON_LITERAL_NULL_CONVERSION = YES;
				CLANG_WARN_OBJC_IMPLICIT_RETAIN_SELF = YES;
				CLANG_WARN_OBJC_LITERAL_CONVERSION = YES;
				CLANG_WARN_OBJC_ROOT_CLASS = YES_ERROR;
				CLANG_WARN_QUOTED_INCLUDE_IN_FRAMEWORK_HEADER = YES;
				CLANG_WARN_RANGE_LOOP_ANALYSIS = YES;
				CLANG_WARN_STRICT_PROTOTYPES = YES;
				CLANG_WARN_SUSPICIOUS_MOVE = YES;
				CLANG_WARN_UNGUARDED_AVAILABILITY = YES_AGGRESSIVE;
				CLANG_WARN_UNREACHABLE_CODE = YES;
				CLANG_WARN__DUPLICATE_METHOD_MATCH = YES;
				COPY_PHASE_STRIP = NO;
				DEBUG_INFORMATION_FORMAT = dwarf;
				ENABLE_STRICT_OBJC_MSGSEND = YES;
				ENABLE_TESTABILITY = YES;
				ENABLE_USER_SCRIPT_SANDBOXING = YES;
				GCC_C_LANGUAGE_STANDARD = gnu17;
				GCC_DYNAMIC_NO_PIC = NO;
				GCC_NO_COMMON_BLOCKS = YES;
				GCC_OPTIMIZATION_LEVEL = 0;
				GCC_PREPROCESSOR_DEFINITIONS = (
					"DEBUG=1",
					"$(inherited)",
				);
				GCC_WARN_64_TO_32_BIT_CONVERSION = YES;
				GCC_WARN_ABOUT_RETURN_TYPE = YES_ERROR;
				GCC_WARN_UNDECLARED_SELECTOR = YES;
				GCC_WARN_UNINITIALIZED_AUTOS = YES_AGGRESSIVE;
				GCC_WARN_UNUSED_FUNCTION = YES;
				GCC_WARN_UNUSED_VARIABLE = YES;
				IPHONEOS_DEPLOYMENT_TARGET = 18.0;
				LOCALIZATION_PREFERS_STRING_CATALOGS = YES;
				MTL_ENABLE_DEBUG_INFO = INCLUDE_SOURCE;
				MTL_FAST_MATH = YES;
				ONLY_ACTIVE_ARCH = YES;
				SDKROOT = iphoneos;
				SWIFT_ACTIVE_COMPILATION_CONDITIONS = "DEBUG $(inherited)";
				SWIFT_OPTIMIZATION_LEVEL = "-Onone";
			};
			name = Debug;
		};
		CA79B9C32CAB90E000D0EDDF /* Release */ = {
			isa = XCBuildConfiguration;
			buildSettings = {
				ALWAYS_SEARCH_USER_PATHS = NO;
				ASSETCATALOG_COMPILER_GENERATE_SWIFT_ASSET_SYMBOL_EXTENSIONS = YES;
				CLANG_ANALYZER_NONNULL = YES;
				CLANG_ANALYZER_NUMBER_OBJECT_CONVERSION = YES_AGGRESSIVE;
				CLANG_CXX_LANGUAGE_STANDARD = "gnu++20";
				CLANG_ENABLE_MODULES = YES;
				CLANG_ENABLE_OBJC_ARC = YES;
				CLANG_ENABLE_OBJC_WEAK = YES;
				CLANG_WARN_BLOCK_CAPTURE_AUTORELEASING = YES;
				CLANG_WARN_BOOL_CONVERSION = YES;
				CLANG_WARN_COMMA = YES;
				CLANG_WARN_CONSTANT_CONVERSION = YES;
				CLANG_WARN_DEPRECATED_OBJC_IMPLEMENTATIONS = YES;
				CLANG_WARN_DIRECT_OBJC_ISA_USAGE = YES_ERROR;
				CLANG_WARN_DOCUMENTATION_COMMENTS = YES;
				CLANG_WARN_EMPTY_BODY = YES;
				CLANG_WARN_ENUM_CONVERSION = YES;
				CLANG_WARN_INFINITE_RECURSION = YES;
				CLANG_WARN_INT_CONVERSION = YES;
				CLANG_WARN_NON_LITERAL_NULL_CONVERSION = YES;
				CLANG_WARN_OBJC_IMPLICIT_RETAIN_SELF = YES;
				CLANG_WARN_OBJC_LITERAL_CONVERSION = YES;
				CLANG_WARN_OBJC_ROOT_CLASS = YES_ERROR;
				CLANG_WARN_QUOTED_INCLUDE_IN_FRAMEWORK_HEADER = YES;
				CLANG_WARN_RANGE_LOOP_ANALYSIS = YES;
				CLANG_WARN_STRICT_PROTOTYPES = YES;
				CLANG_WARN_SUSPICIOUS_MOVE = YES;
				CLANG_WARN_UNGUARDED_AVAILABILITY = YES_AGGRESSIVE;
				CLANG_WARN_UNREACHABLE_CODE = YES;
				CLANG_WARN__DUPLICATE_METHOD_MATCH = YES;
				COPY_PHASE_STRIP = NO;
				DEBUG_INFORMATION_FORMAT = "dwarf-with-dsym";
				ENABLE_NS_ASSERTIONS = NO;
				ENABLE_STRICT_OBJC_MSGSEND = YES;
				ENABLE_USER_SCRIPT_SANDBOXING = YES;
				GCC_C_LANGUAGE_STANDARD = gnu17;
				GCC_NO_COMMON_BLOCKS = YES;
				GCC_WARN_64_TO_32_BIT_CONVERSION = YES;
				GCC_WARN_ABOUT_RETURN_TYPE = YES_ERROR;
				GCC_WARN_UNDECLARED_SELECTOR = YES;
				GCC_WARN_UNINITIALIZED_AUTOS = YES_AGGRESSIVE;
				GCC_WARN_UNUSED_FUNCTION = YES;
				GCC_WARN_UNUSED_VARIABLE = YES;
				IPHONEOS_DEPLOYMENT_TARGET = 18.0;
				LOCALIZATION_PREFERS_STRING_CATALOGS = YES;
				MTL_ENABLE_DEBUG_INFO = NO;
				MTL_FAST_MATH = YES;
				SDKROOT = iphoneos;
				SWIFT_COMPILATION_MODE = wholemodule;
				VALIDATE_PRODUCT = YES;
			};
			name = Release;
		};
		CA79B9C52CAB90E000D0EDDF /* Debug */ = {
			isa = XCBuildConfiguration;
			buildSettings = {
				ASSETCATALOG_COMPILER_APPICON_NAME = AppIcon;
				ASSETCATALOG_COMPILER_GLOBAL_ACCENT_COLOR_NAME = AccentColor;
				CLANG_ENABLE_CPP_STATIC_DESTRUCTORS = NO;
				CODE_SIGN_STYLE = Automatic;
				CURRENT_PROJECT_VERSION = 1;
				DEVELOPMENT_ASSET_PATHS = "\"MyCampusGym/Preview Content\"";
				DEVELOPMENT_TEAM = W7LMS8985X;
				ENABLE_PREVIEWS = YES;
				GCC_THREADSAFE_STATICS = NO;
				GENERATE_INFOPLIST_FILE = YES;
				INFOPLIST_KEY_UIApplicationSceneManifest_Generation = YES;
				INFOPLIST_KEY_UIApplicationSupportsIndirectInputEvents = YES;
				INFOPLIST_KEY_UILaunchScreen_Generation = YES;
				INFOPLIST_KEY_UISupportedInterfaceOrientations = UIInterfaceOrientationPortrait;
				INFOPLIST_KEY_UISupportedInterfaceOrientations_iPad = "UIInterfaceOrientationLandscapeLeft UIInterfaceOrientationLandscapeRight UIInterfaceOrientationPortrait UIInterfaceOrientationPortraitUpsideDown";
				LD_RUNPATH_SEARCH_PATHS = (
					"$(inherited)",
					"@executable_path/Frameworks",
				);
				MARKETING_VERSION = 1.0;
				PRODUCT_BUNDLE_IDENTIFIER = net.brandonholmes.MyCampusGym;
				PRODUCT_NAME = "$(TARGET_NAME)";
				SUPPORTED_PLATFORMS = "iphoneos iphonesimulator";
				SUPPORTS_MACCATALYST = NO;
				SUPPORTS_MAC_DESIGNED_FOR_IPHONE_IPAD = NO;
				SUPPORTS_XR_DESIGNED_FOR_IPHONE_IPAD = NO;
				SWIFT_EMIT_LOC_STRINGS = YES;
				SWIFT_VERSION = 5.0;
				TARGETED_DEVICE_FAMILY = 1;
			};
			name = Debug;
		};
		CA79B9C62CAB90E000D0EDDF /* Release */ = {
			isa = XCBuildConfiguration;
			buildSettings = {
				ASSETCATALOG_COMPILER_APPICON_NAME = AppIcon;
				ASSETCATALOG_COMPILER_GLOBAL_ACCENT_COLOR_NAME = AccentColor;
				CLANG_ENABLE_CPP_STATIC_DESTRUCTORS = NO;
				CODE_SIGN_STYLE = Automatic;
				CURRENT_PROJECT_VERSION = 1;
				DEVELOPMENT_ASSET_PATHS = "\"MyCampusGym/Preview Content\"";
				DEVELOPMENT_TEAM = W7LMS8985X;
				ENABLE_PREVIEWS = YES;
				GCC_THREADSAFE_STATICS = NO;
				GENERATE_INFOPLIST_FILE = YES;
				INFOPLIST_KEY_UIApplicationSceneManifest_Generation = YES;
				INFOPLIST_KEY_UIApplicationSupportsIndirectInputEvents = YES;
				INFOPLIST_KEY_UILaunchScreen_Generation = YES;
				INFOPLIST_KEY_UISupportedInterfaceOrientations = UIInterfaceOrientationPortrait;
				INFOPLIST_KEY_UISupportedInterfaceOrientations_iPad = "UIInterfaceOrientationLandscapeLeft UIInterfaceOrientationLandscapeRight UIInterfaceOrientationPortrait UIInterfaceOrientationPortraitUpsideDown";
				LD_RUNPATH_SEARCH_PATHS = (
					"$(inherited)",
					"@executable_path/Frameworks",
				);
				MARKETING_VERSION = 1.0;
				PRODUCT_BUNDLE_IDENTIFIER = net.brandonholmes.MyCampusGym;
				PRODUCT_NAME = "$(TARGET_NAME)";
				SUPPORTED_PLATFORMS = "iphoneos iphonesimulator";
				SUPPORTS_MACCATALYST = NO;
				SUPPORTS_MAC_DESIGNED_FOR_IPHONE_IPAD = NO;
				SUPPORTS_XR_DESIGNED_FOR_IPHONE_IPAD = NO;
				SWIFT_EMIT_LOC_STRINGS = YES;
				SWIFT_VERSION = 5.0;
				TARGETED_DEVICE_FAMILY = 1;
			};
			name = Release;
		};
		CA79B9C82CAB90E000D0EDDF /* Debug */ = {
			isa = XCBuildConfiguration;
			buildSettings = {
				BUNDLE_LOADER = "$(TEST_HOST)";
				CODE_SIGN_STYLE = Automatic;
				CURRENT_PROJECT_VERSION = 1;
				GENERATE_INFOPLIST_FILE = YES;
				IPHONEOS_DEPLOYMENT_TARGET = 18.0;
				MARKETING_VERSION = 1.0;
				PRODUCT_BUNDLE_IDENTIFIER = net.brandonholmes.MyCampusGymTests;
				PRODUCT_NAME = "$(TARGET_NAME)";
				SWIFT_EMIT_LOC_STRINGS = NO;
				SWIFT_VERSION = 5.0;
				TARGETED_DEVICE_FAMILY = "1,2";
				TEST_HOST = "$(BUILT_PRODUCTS_DIR)/MyCampusGym.app/$(BUNDLE_EXECUTABLE_FOLDER_PATH)/MyCampusGym";
			};
			name = Debug;
		};
		CA79B9C92CAB90E000D0EDDF /* Release */ = {
			isa = XCBuildConfiguration;
			buildSettings = {
				BUNDLE_LOADER = "$(TEST_HOST)";
				CODE_SIGN_STYLE = Automatic;
				CURRENT_PROJECT_VERSION = 1;
				GENERATE_INFOPLIST_FILE = YES;
				IPHONEOS_DEPLOYMENT_TARGET = 18.0;
				MARKETING_VERSION = 1.0;
				PRODUCT_BUNDLE_IDENTIFIER = net.brandonholmes.MyCampusGymTests;
				PRODUCT_NAME = "$(TARGET_NAME)";
				SWIFT_EMIT_LOC_STRINGS = NO;
				SWIFT_VERSION = 5.0;
				TARGETED_DEVICE_FAMILY = "1,2";
				TEST_HOST = "$(BUILT_PRODUCTS_DIR)/MyCampusGym.app/$(BUNDLE_EXECUTABLE_FOLDER_PATH)/MyCampusGym";
			};
			name = Release;
		};
		CA79B9CB2CAB90E000D0EDDF /* Debug */ = {
			isa = XCBuildConfiguration;
			buildSettings = {
				CODE_SIGN_STYLE = Automatic;
				CURRENT_PROJECT_VERSION = 1;
				GENERATE_INFOPLIST_FILE = YES;
				MARKETING_VERSION = 1.0;
				PRODUCT_BUNDLE_IDENTIFIER = net.brandonholmes.MyCampusGymUITests;
				PRODUCT_NAME = "$(TARGET_NAME)";
				SWIFT_EMIT_LOC_STRINGS = NO;
				SWIFT_VERSION = 5.0;
				TARGETED_DEVICE_FAMILY = "1,2";
				TEST_TARGET_NAME = MyCampusGym;
			};
			name = Debug;
		};
		CA79B9CC2CAB90E000D0EDDF /* Release */ = {
			isa = XCBuildConfiguration;
			buildSettings = {
				CODE_SIGN_STYLE = Automatic;
				CURRENT_PROJECT_VERSION = 1;
				GENERATE_INFOPLIST_FILE = YES;
				MARKETING_VERSION = 1.0;
				PRODUCT_BUNDLE_IDENTIFIER = net.brandonholmes.MyCampusGymUITests;
				PRODUCT_NAME = "$(TARGET_NAME)";
				SWIFT_EMIT_LOC_STRINGS = NO;
				SWIFT_VERSION = 5.0;
				TARGETED_DEVICE_FAMILY = "1,2";
				TEST_TARGET_NAME = MyCampusGym;
			};
			name = Release;
		};
/* End XCBuildConfiguration section */

/* Begin XCConfigurationList section */
		CA79B99B2CAB90DD00D0EDDF /* Build configuration list for PBXProject "MyCampusGym" */ = {
			isa = XCConfigurationList;
			buildConfigurations = (
				CA79B9C22CAB90E000D0EDDF /* Debug */,
				CA79B9C32CAB90E000D0EDDF /* Release */,
			);
			defaultConfigurationIsVisible = 0;
			defaultConfigurationName = Release;
		};
		CA79B9C42CAB90E000D0EDDF /* Build configuration list for PBXNativeTarget "MyCampusGym" */ = {
			isa = XCConfigurationList;
			buildConfigurations = (
				CA79B9C52CAB90E000D0EDDF /* Debug */,
				CA79B9C62CAB90E000D0EDDF /* Release */,
			);
			defaultConfigurationIsVisible = 0;
			defaultConfigurationName = Release;
		};
		CA79B9C72CAB90E000D0EDDF /* Build configuration list for PBXNativeTarget "MyCampusGymTests" */ = {
			isa = XCConfigurationList;
			buildConfigurations = (
				CA79B9C82CAB90E000D0EDDF /* Debug */,
				CA79B9C92CAB90E000D0EDDF /* Release */,
			);
			defaultConfigurationIsVisible = 0;
			defaultConfigurationName = Release;
		};
		CA79B9CA2CAB90E000D0EDDF /* Build configuration list for PBXNativeTarget "MyCampusGymUITests" */ = {
			isa = XCConfigurationList;
			buildConfigurations = (
				CA79B9CB2CAB90E000D0EDDF /* Debug */,
				CA79B9CC2CAB90E000D0EDDF /* Release */,
			);
			defaultConfigurationIsVisible = 0;
			defaultConfigurationName = Release;
		};
/* End XCConfigurationList section */

/* Begin XCRemoteSwiftPackageReference section */
		CABB10BB2CEC60BA00BB1362 /* XCRemoteSwiftPackageReference "ios-places-sdk" */ = {
			isa = XCRemoteSwiftPackageReference;
			repositoryURL = "https://github.com/googlemaps/ios-places-sdk";
			requirement = {
				kind = upToNextMajorVersion;
				minimumVersion = 9.2.0;
			};
		};
		CAC560132CC08E720046BDC7 /* XCRemoteSwiftPackageReference "firebase-ios-sdk" */ = {
			isa = XCRemoteSwiftPackageReference;
			repositoryURL = "https://github.com/firebase/firebase-ios-sdk";
			requirement = {
				kind = upToNextMajorVersion;
				minimumVersion = 11.3.0;
			};
		};
/* End XCRemoteSwiftPackageReference section */

/* Begin XCSwiftPackageProductDependency section */
		CABB10BC2CEC60BA00BB1362 /* GooglePlaces */ = {
			isa = XCSwiftPackageProductDependency;
			package = CABB10BB2CEC60BA00BB1362 /* XCRemoteSwiftPackageReference "ios-places-sdk" */;
			productName = GooglePlaces;
		};
		CABB10BE2CEC60BA00BB1362 /* GooglePlacesSwift */ = {
			isa = XCSwiftPackageProductDependency;
			package = CABB10BB2CEC60BA00BB1362 /* XCRemoteSwiftPackageReference "ios-places-sdk" */;
			productName = GooglePlacesSwift;
		};
		CAC560162CC08E720046BDC7 /* FirebaseAuth */ = {
			isa = XCSwiftPackageProductDependency;
			package = CAC560132CC08E720046BDC7 /* XCRemoteSwiftPackageReference "firebase-ios-sdk" */;
			productName = FirebaseAuth;
		};
		CAC5601A2CC08E720046BDC7 /* FirebaseCore */ = {
			isa = XCSwiftPackageProductDependency;
			package = CAC560132CC08E720046BDC7 /* XCRemoteSwiftPackageReference "firebase-ios-sdk" */;
			productName = FirebaseCore;
		};
		CAC5601E2CC08E720046BDC7 /* FirebaseFirestore */ = {
			isa = XCSwiftPackageProductDependency;
			package = CAC560132CC08E720046BDC7 /* XCRemoteSwiftPackageReference "firebase-ios-sdk" */;
			productName = FirebaseFirestore;
		};
		CAC560242CC08E720046BDC7 /* FirebaseInstallations */ = {
			isa = XCSwiftPackageProductDependency;
			package = CAC560132CC08E720046BDC7 /* XCRemoteSwiftPackageReference "firebase-ios-sdk" */;
			productName = FirebaseInstallations;
		};
/* End XCSwiftPackageProductDependency section */
	};
	rootObject = CA79B9982CAB90DD00D0EDDF /* Project object */;
}
